
Microsoft Visual Studio Solution File, Format Version 12.00
# Visual Studio Version 17
VisualStudioVersion = 17.1.32421.90
MinimumVisualStudioVersion = 10.0.40219.1
Project("{FAE04EC0-301F-11D3-BF4B-00C04F79EFBC}") = "la-mia-pizzeria-static-02", "la-mia-pizzeria-static-02.csproj", "{19A0C787-BC49-40B6-847A-372395685E6D}"
EndProject
Global
	GlobalSection(SolutionConfigurationPlatforms) = preSolution
		Debug|Any CPU = Debug|Any CPU
		Release|Any CPU = Release|Any CPU
	EndGlobalSection
	GlobalSection(ProjectConfigurationPlatforms) = postSolution
		{19A0C787-BC49-40B6-847A-372395685E6D}.Debug|Any CPU.ActiveCfg = Debug|Any CPU
		{19A0C787-BC49-40B6-847A-372395685E6D}.Debug|Any CPU.Build.0 = Debug|Any CPU
		{19A0C787-BC49-40B6-847A-372395685E6D}.Release|Any CPU.ActiveCfg = Release|Any CPU
		{19A0C787-BC49-40B6-847A-372395685E6D}.Release|Any CPU.Build.0 = Release|Any CPU
	EndGlobalSection
	GlobalSection(SolutionProperties) = preSolution
		HideSolutionNode = FALSE
	EndGlobalSection
	GlobalSection(ExtensibilityGlobals) = postSolution
		SolutionGuid = {4C27D3FF-F0E6-40C6-A6A7-CBD84B2885F1}
	EndGlobalSection
EndGlobal
